// !$*UTF8*$!
{
	archiveVersion = 1;
	classes = {
	};
	objectVersion = 46;
	objects = {

/* Begin PBXBuildFile section */
		36D480464551E40BD89B08AB /* Pods_TestDemo.framework in Frameworks */ = {isa = PBXBuildFile; fileRef = D9F8CCFEF241F1C2E7635228 /* Pods_TestDemo.framework */; };
		92DB31B11F6266B6009F5756 /* AppDelegate.swift in Sources */ = {isa = PBXBuildFile; fileRef = 92DB31B01F6266B6009F5756 /* AppDelegate.swift */; };
		92DB31B31F6266B6009F5756 /* ViewController.swift in Sources */ = {isa = PBXBuildFile; fileRef = 92DB31B21F6266B6009F5756 /* ViewController.swift */; };
		92DB31B61F6266B6009F5756 /* Main.storyboard in Resources */ = {isa = PBXBuildFile; fileRef = 92DB31B41F6266B6009F5756 /* Main.storyboard */; };
		92DB31B81F6266B6009F5756 /* Assets.xcassets in Resources */ = {isa = PBXBuildFile; fileRef = 92DB31B71F6266B6009F5756 /* Assets.xcassets */; };
		92DB31BB1F6266B6009F5756 /* LaunchScreen.storyboard in Resources */ = {isa = PBXBuildFile; fileRef = 92DB31B91F6266B6009F5756 /* LaunchScreen.storyboard */; };
		92DB31CA1F6267CF009F5756 /* USB360ManagerWrapper.swift in Sources */ = {isa = PBXBuildFile; fileRef = 92DB31C91F6267CF009F5756 /* USB360ManagerWrapper.swift */; };
		92DB31D41F626BE4009F5756 /* ApolloTelemetry.swift in Sources */ = {isa = PBXBuildFile; fileRef = 92DB31D31F626BE4009F5756 /* ApolloTelemetry.swift */; };
		92DB33E61F627110009F5756 /* CameraManager.swift in Sources */ = {isa = PBXBuildFile; fileRef = 92DB33E51F627110009F5756 /* CameraManager.swift */; };
		92DB33E81F62717F009F5756 /* Apollo.swift in Sources */ = {isa = PBXBuildFile; fileRef = 92DB33E71F62717F009F5756 /* Apollo.swift */; };
		92DB33EB1F62771A009F5756 /* libusb360.framework in Frameworks */ = {isa = PBXBuildFile; fileRef = 92DB33E91F627596009F5756 /* libusb360.framework */; };
		92DB33EC1F62771A009F5756 /* libusb360.framework in Embed Frameworks */ = {isa = PBXBuildFile; fileRef = 92DB33E91F627596009F5756 /* libusb360.framework */; settings = {ATTRIBUTES = (CodeSignOnCopy, RemoveHeadersOnCopy, ); }; };
/* End PBXBuildFile section */

/* Begin PBXCopyFilesBuildPhase section */
		92DB33ED1F62771A009F5756 /* Embed Frameworks */ = {
			isa = PBXCopyFilesBuildPhase;
			buildActionMask = 2147483647;
			dstPath = "";
			dstSubfolderSpec = 10;
			files = (
				92DB33EC1F62771A009F5756 /* libusb360.framework in Embed Frameworks */,
			);
			name = "Embed Frameworks";
			runOnlyForDeploymentPostprocessing = 0;
		};
/* End PBXCopyFilesBuildPhase section */

/* Begin PBXFileReference section */
		04DD01E215D5499AF9C576A5 /* Pods-TestDemo.debug.xcconfig */ = {isa = PBXFileReference; includeInIndex = 1; lastKnownFileType = text.xcconfig; name = "Pods-TestDemo.debug.xcconfig"; path = "Pods/Target Support Files/Pods-TestDemo/Pods-TestDemo.debug.xcconfig"; sourceTree = "<group>"; };
		90416354D00236986CD8200D /* Pods-TestDemo.release.xcconfig */ = {isa = PBXFileReference; includeInIndex = 1; lastKnownFileType = text.xcconfig; name = "Pods-TestDemo.release.xcconfig"; path = "Pods/Target Support Files/Pods-TestDemo/Pods-TestDemo.release.xcconfig"; sourceTree = "<group>"; };
		92DB31AD1F6266B6009F5756 /* TestDemo.app */ = {isa = PBXFileReference; explicitFileType = wrapper.application; includeInIndex = 0; path = TestDemo.app; sourceTree = BUILT_PRODUCTS_DIR; };
		92DB31B01F6266B6009F5756 /* AppDelegate.swift */ = {isa = PBXFileReference; lastKnownFileType = sourcecode.swift; path = AppDelegate.swift; sourceTree = "<group>"; };
		92DB31B21F6266B6009F5756 /* ViewController.swift */ = {isa = PBXFileReference; lastKnownFileType = sourcecode.swift; path = ViewController.swift; sourceTree = "<group>"; };
		92DB31B51F6266B6009F5756 /* Base */ = {isa = PBXFileReference; lastKnownFileType = file.storyboard; name = Base; path = Base.lproj/Main.storyboard; sourceTree = "<group>"; };
		92DB31B71F6266B6009F5756 /* Assets.xcassets */ = {isa = PBXFileReference; lastKnownFileType = folder.assetcatalog; path = Assets.xcassets; sourceTree = "<group>"; };
		92DB31BA1F6266B6009F5756 /* Base */ = {isa = PBXFileReference; lastKnownFileType = file.storyboard; name = Base; path = Base.lproj/LaunchScreen.storyboard; sourceTree = "<group>"; };
		92DB31BC1F6266B6009F5756 /* Info.plist */ = {isa = PBXFileReference; lastKnownFileType = text.plist.xml; path = Info.plist; sourceTree = "<group>"; };
		92DB31C91F6267CF009F5756 /* USB360ManagerWrapper.swift */ = {isa = PBXFileReference; fileEncoding = 4; lastKnownFileType = sourcecode.swift; path = USB360ManagerWrapper.swift; sourceTree = "<group>"; };
		92DB31CE1F626B1E009F5756 /* TestDemo-Bridging-Header.h */ = {isa = PBXFileReference; lastKnownFileType = sourcecode.c.h; path = "TestDemo-Bridging-Header.h"; sourceTree = "<group>"; };
		92DB31D31F626BE4009F5756 /* ApolloTelemetry.swift */ = {isa = PBXFileReference; fileEncoding = 4; lastKnownFileType = sourcecode.swift; path = ApolloTelemetry.swift; sourceTree = "<group>"; };
		92DB33E51F627110009F5756 /* CameraManager.swift */ = {isa = PBXFileReference; fileEncoding = 4; lastKnownFileType = sourcecode.swift; path = CameraManager.swift; sourceTree = "<group>"; };
		92DB33E71F62717F009F5756 /* Apollo.swift */ = {isa = PBXFileReference; fileEncoding = 4; lastKnownFileType = sourcecode.swift; path = Apollo.swift; sourceTree = "<group>"; };
		92DB33E91F627596009F5756 /* libusb360.framework */ = {isa = PBXFileReference; lastKnownFileType = wrapper.framework; path = libusb360.framework; sourceTree = "<group>"; };
		D9F8CCFEF241F1C2E7635228 /* Pods_TestDemo.framework */ = {isa = PBXFileReference; explicitFileType = wrapper.framework; includeInIndex = 0; path = Pods_TestDemo.framework; sourceTree = BUILT_PRODUCTS_DIR; };
/* End PBXFileReference section */

/* Begin PBXFrameworksBuildPhase section */
		92DB31AA1F6266B6009F5756 /* Frameworks */ = {
			isa = PBXFrameworksBuildPhase;
			buildActionMask = 2147483647;
			files = (
				36D480464551E40BD89B08AB /* Pods_TestDemo.framework in Frameworks */,
				92DB33EB1F62771A009F5756 /* libusb360.framework in Frameworks */,
			);
			runOnlyForDeploymentPostprocessing = 0;
		};
/* End PBXFrameworksBuildPhase section */

/* Begin PBXGroup section */
		74B4F570089D6EFCA11B79DE /* Pods */ = {
			isa = PBXGroup;
			children = (
				04DD01E215D5499AF9C576A5 /* Pods-TestDemo.debug.xcconfig */,
				90416354D00236986CD8200D /* Pods-TestDemo.release.xcconfig */,
			);
			name = Pods;
			sourceTree = "<group>";
		};
		92DB31A41F6266B5009F5756 = {
			isa = PBXGroup;
			children = (
				92DB31AF1F6266B6009F5756 /* TestDemo */,
				92DB31C51F62674E009F5756 /* Frameworks */,
				92DB31AE1F6266B6009F5756 /* Products */,
				74B4F570089D6EFCA11B79DE /* Pods */,
			);
			sourceTree = "<group>";
		};
		92DB31AE1F6266B6009F5756 /* Products */ = {
			isa = PBXGroup;
			children = (
				92DB31AD1F6266B6009F5756 /* TestDemo.app */,
			);
			name = Products;
			sourceTree = "<group>";
		};
		92DB31AF1F6266B6009F5756 /* TestDemo */ = {
			isa = PBXGroup;
			children = (
				92DB33E71F62717F009F5756 /* Apollo.swift */,
				92DB31D21F626BD4009F5756 /* Common */,
				92DB31C81F6267A8009F5756 /* CameraManager */,
				92DB31B01F6266B6009F5756 /* AppDelegate.swift */,
				92DB31B21F6266B6009F5756 /* ViewController.swift */,
				92DB31B41F6266B6009F5756 /* Main.storyboard */,
				92DB31CB1F6268F7009F5756 /* Support File */,
			);
			path = TestDemo;
			sourceTree = "<group>";
		};
		92DB31C51F62674E009F5756 /* Frameworks */ = {
			isa = PBXGroup;
			children = (
				92DB33E91F627596009F5756 /* libusb360.framework */,
				D9F8CCFEF241F1C2E7635228 /* Pods_TestDemo.framework */,
			);
			name = Frameworks;
			sourceTree = "<group>";
		};
		92DB31C81F6267A8009F5756 /* CameraManager */ = {
			isa = PBXGroup;
			children = (
				92DB33E51F627110009F5756 /* CameraManager.swift */,
				92DB31C91F6267CF009F5756 /* USB360ManagerWrapper.swift */,
			);
			name = CameraManager;
			sourceTree = "<group>";
		};
		92DB31CB1F6268F7009F5756 /* Support File */ = {
			isa = PBXGroup;
			children = (
				92DB31CE1F626B1E009F5756 /* TestDemo-Bridging-Header.h */,
				92DB31B71F6266B6009F5756 /* Assets.xcassets */,
				92DB31B91F6266B6009F5756 /* LaunchScreen.storyboard */,
				92DB31BC1F6266B6009F5756 /* Info.plist */,
			);
			name = "Support File";
			sourceTree = "<group>";
		};
		92DB31D21F626BD4009F5756 /* Common */ = {
			isa = PBXGroup;
			children = (
				92DB31D31F626BE4009F5756 /* ApolloTelemetry.swift */,
			);
			name = Common;
			sourceTree = "<group>";
		};
/* End PBXGroup section */

/* Begin PBXNativeTarget section */
		92DB31AC1F6266B6009F5756 /* TestDemo */ = {
			isa = PBXNativeTarget;
			buildConfigurationList = 92DB31BF1F6266B6009F5756 /* Build configuration list for PBXNativeTarget "TestDemo" */;
			buildPhases = (
				E35544918E5F5C4C7520A9BB /* [CP] Check Pods Manifest.lock */,
				92DB31A91F6266B6009F5756 /* Sources */,
				92DB31AA1F6266B6009F5756 /* Frameworks */,
				92DB31AB1F6266B6009F5756 /* Resources */,
				F37BD7FD97A6E562B6BDB775 /* [CP] Embed Pods Frameworks */,
				EC5CA0E18E931034082E6487 /* [CP] Copy Pods Resources */,
				92DB33ED1F62771A009F5756 /* Embed Frameworks */,
			);
			buildRules = (
			);
			dependencies = (
			);
			name = TestDemo;
			productName = TestDemo;
			productReference = 92DB31AD1F6266B6009F5756 /* TestDemo.app */;
			productType = "com.apple.product-type.application";
		};
/* End PBXNativeTarget section */

/* Begin PBXProject section */
		92DB31A51F6266B5009F5756 /* Project object */ = {
			isa = PBXProject;
			attributes = {
				LastSwiftUpdateCheck = 0830;
				LastUpgradeCheck = 0830;
				ORGANIZATIONNAME = Adam;
				TargetAttributes = {
					92DB31AC1F6266B6009F5756 = {
						CreatedOnToolsVersion = 8.3.3;
						DevelopmentTeam = 4D49NLC4WA;
						LastSwiftMigration = 0830;
						ProvisioningStyle = Automatic;
					};
				};
			};
			buildConfigurationList = 92DB31A81F6266B5009F5756 /* Build configuration list for PBXProject "TestDemo" */;
			compatibilityVersion = "Xcode 3.2";
			developmentRegion = English;
			hasScannedForEncodings = 0;
			knownRegions = (
				en,
				Base,
			);
			mainGroup = 92DB31A41F6266B5009F5756;
			productRefGroup = 92DB31AE1F6266B6009F5756 /* Products */;
			projectDirPath = "";
			projectRoot = "";
			targets = (
				92DB31AC1F6266B6009F5756 /* TestDemo */,
			);
		};
/* End PBXProject section */

/* Begin PBXResourcesBuildPhase section */
		92DB31AB1F6266B6009F5756 /* Resources */ = {
			isa = PBXResourcesBuildPhase;
			buildActionMask = 2147483647;
			files = (
				92DB31BB1F6266B6009F5756 /* LaunchScreen.storyboard in Resources */,
				92DB31B81F6266B6009F5756 /* Assets.xcassets in Resources */,
				92DB31B61F6266B6009F5756 /* Main.storyboard in Resources */,
			);
			runOnlyForDeploymentPostprocessing = 0;
		};
/* End PBXResourcesBuildPhase section */

/* Begin PBXShellScriptBuildPhase section */
		E35544918E5F5C4C7520A9BB /* [CP] Check Pods Manifest.lock */ = {
			isa = PBXShellScriptBuildPhase;
			buildActionMask = 2147483647;
			files = (
			);
			inputPaths = (
			);
			name = "[CP] Check Pods Manifest.lock";
			outputPaths = (
			);
			runOnlyForDeploymentPostprocessing = 0;
			shellPath = /bin/sh;
			shellScript = "diff \"${PODS_ROOT}/../Podfile.lock\" \"${PODS_ROOT}/Manifest.lock\" > /dev/null\nif [ $? != 0 ] ; then\n    # print error to STDERR\n    echo \"error: The sandbox is not in sync with the Podfile.lock. Run 'pod install' or update your CocoaPods installation.\" >&2\n    exit 1\nfi\n";
			showEnvVarsInLog = 0;
		};
		EC5CA0E18E931034082E6487 /* [CP] Copy Pods Resources */ = {
			isa = PBXShellScriptBuildPhase;
			buildActionMask = 2147483647;
			files = (
			);
			inputPaths = (
			);
			name = "[CP] Copy Pods Resources";
			outputPaths = (
			);
			runOnlyForDeploymentPostprocessing = 0;
			shellPath = /bin/sh;
			shellScript = "\"${SRCROOT}/Pods/Target Support Files/Pods-TestDemo/Pods-TestDemo-resources.sh\"\n";
			showEnvVarsInLog = 0;
		};
		F37BD7FD97A6E562B6BDB775 /* [CP] Embed Pods Frameworks */ = {
			isa = PBXShellScriptBuildPhase;
			buildActionMask = 2147483647;
			files = (
			);
			inputPaths = (
			);
			name = "[CP] Embed Pods Frameworks";
			outputPaths = (
			);
			runOnlyForDeploymentPostprocessing = 0;
			shellPath = /bin/sh;
			shellScript = "\"${SRCROOT}/Pods/Target Support Files/Pods-TestDemo/Pods-TestDemo-frameworks.sh\"\n";
			showEnvVarsInLog = 0;
		};
/* End PBXShellScriptBuildPhase section */

/* Begin PBXSourcesBuildPhase section */
		92DB31A91F6266B6009F5756 /* Sources */ = {
			isa = PBXSourcesBuildPhase;
			buildActionMask = 2147483647;
			files = (
				92DB31B31F6266B6009F5756 /* ViewController.swift in Sources */,
				92DB31CA1F6267CF009F5756 /* USB360ManagerWrapper.swift in Sources */,
				92DB31D41F626BE4009F5756 /* ApolloTelemetry.swift in Sources */,
				92DB31B11F6266B6009F5756 /* AppDelegate.swift in Sources */,
				92DB33E81F62717F009F5756 /* Apollo.swift in Sources */,
				92DB33E61F627110009F5756 /* CameraManager.swift in Sources */,
			);
			runOnlyForDeploymentPostprocessing = 0;
		};
/* End PBXSourcesBuildPhase section */

/* Begin PBXVariantGroup section */
		92DB31B41F6266B6009F5756 /* Main.storyboard */ = {
			isa = PBXVariantGroup;
			children = (
				92DB31B51F6266B6009F5756 /* Base */,
			);
			name = Main.storyboard;
			sourceTree = "<group>";
		};
		92DB31B91F6266B6009F5756 /* LaunchScreen.storyboard */ = {
			isa = PBXVariantGroup;
			children = (
				92DB31BA1F6266B6009F5756 /* Base */,
			);
			name = LaunchScreen.storyboard;
			sourceTree = "<group>";
		};
/* End PBXVariantGroup section */

/* Begin XCBuildConfiguration section */
		92DB31BD1F6266B6009F5756 /* Debug */ = {
			isa = XCBuildConfiguration;
			buildSettings = {
				ALWAYS_SEARCH_USER_PATHS = NO;
				CLANG_ANALYZER_NONNULL = YES;
				CLANG_ANALYZER_NUMBER_OBJECT_CONVERSION = YES_AGGRESSIVE;
				CLANG_CXX_LANGUAGE_STANDARD = "gnu++0x";
				CLANG_CXX_LIBRARY = "libc++";
				CLANG_ENABLE_MODULES = YES;
				CLANG_ENABLE_OBJC_ARC = YES;
				CLANG_WARN_BOOL_CONVERSION = YES;
				CLANG_WARN_CONSTANT_CONVERSION = YES;
				CLANG_WARN_DIRECT_OBJC_ISA_USAGE = YES_ERROR;
				CLANG_WARN_DOCUMENTATION_COMMENTS = YES;
				CLANG_WARN_EMPTY_BODY = YES;
				CLANG_WARN_ENUM_CONVERSION = YES;
				CLANG_WARN_INFINITE_RECURSION = YES;
				CLANG_WARN_INT_CONVERSION = YES;
				CLANG_WARN_OBJC_ROOT_CLASS = YES_ERROR;
				CLANG_WARN_SUSPICIOUS_MOVE = YES;
				CLANG_WARN_UNREACHABLE_CODE = YES;
				CLANG_WARN__DUPLICATE_METHOD_MATCH = YES;
				"CODE_SIGN_IDENTITY[sdk=iphoneos*]" = "iPhone Developer";
				COPY_PHASE_STRIP = NO;
				DEBUG_INFORMATION_FORMAT = dwarf;
				DEFINES_MODULE = NO;
				ENABLE_STRICT_OBJC_MSGSEND = YES;
				ENABLE_TESTABILITY = YES;
				GCC_C_LANGUAGE_STANDARD = gnu99;
				GCC_DYNAMIC_NO_PIC = NO;
				GCC_NO_COMMON_BLOCKS = YES;
				GCC_OPTIMIZATION_LEVEL = 0;
				GCC_PREPROCESSOR_DEFINITIONS = (
					"DEBUG=1",
					"$(inherited)",
				);
				GCC_WARN_64_TO_32_BIT_CONVERSION = YES;
				GCC_WARN_ABOUT_RETURN_TYPE = YES_ERROR;
				GCC_WARN_UNDECLARED_SELECTOR = YES;
				GCC_WARN_UNINITIALIZED_AUTOS = YES_AGGRESSIVE;
				GCC_WARN_UNUSED_FUNCTION = YES;
				GCC_WARN_UNUSED_VARIABLE = YES;
				IPHONEOS_DEPLOYMENT_TARGET = 10.3;
				MTL_ENABLE_DEBUG_INFO = YES;
				ONLY_ACTIVE_ARCH = YES;
				SDKROOT = iphoneos;
				SWIFT_ACTIVE_COMPILATION_CONDITIONS = DEBUG;
				SWIFT_OPTIMIZATION_LEVEL = "-Onone";
				TARGETED_DEVICE_FAMILY = "1,2";
			};
			name = Debug;
		};
		92DB31BE1F6266B6009F5756 /* Release */ = {
			isa = XCBuildConfiguration;
			buildSettings = {
				ALWAYS_SEARCH_USER_PATHS = NO;
				CLANG_ANALYZER_NONNULL = YES;
				CLANG_ANALYZER_NUMBER_OBJECT_CONVERSION = YES_AGGRESSIVE;
				CLANG_CXX_LANGUAGE_STANDARD = "gnu++0x";
				CLANG_CXX_LIBRARY = "libc++";
				CLANG_ENABLE_MODULES = YES;
				CLANG_ENABLE_OBJC_ARC = YES;
				CLANG_WARN_BOOL_CONVERSION = YES;
				CLANG_WARN_CONSTANT_CONVERSION = YES;
				CLANG_WARN_DIRECT_OBJC_ISA_USAGE = YES_ERROR;
				CLANG_WARN_DOCUMENTATION_COMMENTS = YES;
				CLANG_WARN_EMPTY_BODY = YES;
				CLANG_WARN_ENUM_CONVERSION = YES;
				CLANG_WARN_INFINITE_RECURSION = YES;
				CLANG_WARN_INT_CONVERSION = YES;
				CLANG_WARN_OBJC_ROOT_CLASS = YES_ERROR;
				CLANG_WARN_SUSPICIOUS_MOVE = YES;
				CLANG_WARN_UNREACHABLE_CODE = YES;
				CLANG_WARN__DUPLICATE_METHOD_MATCH = YES;
				"CODE_SIGN_IDENTITY[sdk=iphoneos*]" = "iPhone Developer";
				COPY_PHASE_STRIP = NO;
				DEBUG_INFORMATION_FORMAT = "dwarf-with-dsym";
				DEFINES_MODULE = NO;
				ENABLE_NS_ASSERTIONS = NO;
				ENABLE_STRICT_OBJC_MSGSEND = YES;
				GCC_C_LANGUAGE_STANDARD = gnu99;
				GCC_NO_COMMON_BLOCKS = YES;
				GCC_WARN_64_TO_32_BIT_CONVERSION = YES;
				GCC_WARN_ABOUT_RETURN_TYPE = YES_ERROR;
				GCC_WARN_UNDECLARED_SELECTOR = YES;
				GCC_WARN_UNINITIALIZED_AUTOS = YES_AGGRESSIVE;
				GCC_WARN_UNUSED_FUNCTION = YES;
				GCC_WARN_UNUSED_VARIABLE = YES;
				IPHONEOS_DEPLOYMENT_TARGET = 10.3;
				MTL_ENABLE_DEBUG_INFO = NO;
				SDKROOT = iphoneos;
				SWIFT_OPTIMIZATION_LEVEL = "-Owholemodule";
				TARGETED_DEVICE_FAMILY = "1,2";
				VALIDATE_PRODUCT = YES;
			};
			name = Release;
		};
		92DB31C01F6266B6009F5756 /* Debug */ = {
			isa = XCBuildConfiguration;
			baseConfigurationReference = 04DD01E215D5499AF9C576A5 /* Pods-TestDemo.debug.xcconfig */;
			buildSettings = {
				CLANG_ENABLE_MODULES = YES;
				DEVELOPMENT_TEAM = 4D49NLC4WA;
				FRAMEWORK_SEARCH_PATHS = (
					"$(inherited)",
					"$(PROJECT_DIR)$(LOCAL_LIBRARY_DIR)",
					"$(PROJECT_DIR)",
				);
				INFOPLIST_FILE = TestDemo/Info.plist;
				LD_RUNPATH_SEARCH_PATHS = "$(inherited) @executable_path/Frameworks";
				PRODUCT_BUNDLE_IDENTIFIER = com.skylight.helio.TestDemo;
				PRODUCT_NAME = "$(TARGET_NAME)";
				SWIFT_OBJC_BRIDGING_HEADER = "TestDemo/TestDemo-Bridging-Header.h";
				SWIFT_OPTIMIZATION_LEVEL = "-Onone";
				SWIFT_VERSION = 3.0;
			};
			name = Debug;
		};
		92DB31C11F6266B6009F5756 /* Release */ = {
			isa = XCBuildConfiguration;
			baseConfigurationReference = 90416354D00236986CD8200D /* Pods-TestDemo.release.xcconfig */;
			buildSettings = {
				CLANG_ENABLE_MODULES = YES;
				DEVELOPMENT_TEAM = 4D49NLC4WA;
				FRAMEWORK_SEARCH_PATHS = (
					"$(inherited)",
					"$(PROJECT_DIR)$(LOCAL_LIBRARY_DIR)",
					"$(PROJECT_DIR)",
				);
				INFOPLIST_FILE = TestDemo/Info.plist;
				LD_RUNPATH_SEARCH_PATHS = "$(inherited) @executable_path/Frameworks";
				PRODUCT_BUNDLE_IDENTIFIER = com.skylight.helio.TestDemo;
				PRODUCT_NAME = "$(TARGET_NAME)";
				SWIFT_OBJC_BRIDGING_HEADER = "TestDemo/TestDemo-Bridging-Header.h";
				SWIFT_VERSION = 3.0;
			};
			name = Release;
		};
/* End XCBuildConfiguration section */

/* Begin XCConfigurationList section */
		92DB31A81F6266B5009F5756 /* Build configuration list for PBXProject "TestDemo" */ = {
			isa = XCConfigurationList;
			buildConfigurations = (
				92DB31BD1F6266B6009F5756 /* Debug */,
				92DB31BE1F6266B6009F5756 /* Release */,
			);
			defaultConfigurationIsVisible = 0;
			defaultConfigurationName = Release;
		};
		92DB31BF1F6266B6009F5756 /* Build configuration list for PBXNativeTarget "TestDemo" */ = {
			isa = XCConfigurationList;
			buildConfigurations = (
				92DB31C01F6266B6009F5756 /* Debug */,
				92DB31C11F6266B6009F5756 /* Release */,
			);
			defaultConfigurationIsVisible = 0;
			defaultConfigurationName = Release;
		};
/* End XCConfigurationList section */
	};
	rootObject = 92DB31A51F6266B5009F5756 /* Project object */;
}
